// !$*UTF8*$!
{
	archiveVersion = 1;
	classes = {
	};
	objectVersion = 55;
	objects = {

/* Begin PBXBuildFile section */
		4E782D9D2CE35CE700B43108 /* .swiftlint.yml in Resources */ = {isa = PBXBuildFile; fileRef = 4E782D9C2CE35CE700B43108 /* .swiftlint.yml */; };
		EF4841A02840D7BD004917B0 /* AppDelegate.swift in Sources */ = {isa = PBXBuildFile; fileRef = EF48419F2840D7BD004917B0 /* AppDelegate.swift */; };
		EF4841A22840D7BD004917B0 /* SceneDelegate.swift in Sources */ = {isa = PBXBuildFile; fileRef = EF4841A12840D7BD004917B0 /* SceneDelegate.swift */; };
		EF4841A92840D7BE004917B0 /* Assets.xcassets in Resources */ = {isa = PBXBuildFile; fileRef = EF4841A82840D7BE004917B0 /* Assets.xcassets */; };
		EF4841AC2840D7BE004917B0 /* LaunchScreen.storyboard in Resources */ = {isa = PBXBuildFile; fileRef = EF4841AA2840D7BE004917B0 /* LaunchScreen.storyboard */; };
		EF4841B82840D836004917B0 /* GalleryModel.swift in Sources */ = {isa = PBXBuildFile; fileRef = EF4841B72840D836004917B0 /* GalleryModel.swift */; };
		EF4841BC2840D842004917B0 /* TitleEditableTableViewCell.swift in Sources */ = {isa = PBXBuildFile; fileRef = EF4841B92840D842004917B0 /* TitleEditableTableViewCell.swift */; };
		EF4841BD2840D842004917B0 /* ImageCollectionViewCell.swift in Sources */ = {isa = PBXBuildFile; fileRef = EF4841BA2840D842004917B0 /* ImageCollectionViewCell.swift */; };
		EF4841BE2840D842004917B0 /* Main.storyboard in Resources */ = {isa = PBXBuildFile; fileRef = EF4841BB2840D842004917B0 /* Main.storyboard */; };
		EF4841C22840D86A004917B0 /* ImageViewController.swift in Sources */ = {isa = PBXBuildFile; fileRef = EF4841BF2840D86A004917B0 /* ImageViewController.swift */; };
		EF4841C32840D86A004917B0 /* GalleriesTableViewController.swift in Sources */ = {isa = PBXBuildFile; fileRef = EF4841C02840D86A004917B0 /* GalleriesTableViewController.swift */; };
		EF4841C42840D86A004917B0 /* GalleryCollectionViewController.swift in Sources */ = {isa = PBXBuildFile; fileRef = EF4841C12840D86A004917B0 /* GalleryCollectionViewController.swift */; };
		EF4841C62840D892004917B0 /* StaticsAndExtensions.swift in Sources */ = {isa = PBXBuildFile; fileRef = EF4841C52840D892004917B0 /* StaticsAndExtensions.swift */; };
/* End PBXBuildFile section */

/* Begin PBXFileReference section */
		4E782D9C2CE35CE700B43108 /* .swiftlint.yml */ = {isa = PBXFileReference; lastKnownFileType = text.yaml; path = .swiftlint.yml; sourceTree = "<group>"; };
		EF48419C2840D7BD004917B0 /* cs193p-2017-fall-assignment5.app */ = {isa = PBXFileReference; explicitFileType = wrapper.application; includeInIndex = 0; path = "cs193p-2017-fall-assignment5.app"; sourceTree = BUILT_PRODUCTS_DIR; };
		EF48419F2840D7BD004917B0 /* AppDelegate.swift */ = {isa = PBXFileReference; lastKnownFileType = sourcecode.swift; path = AppDelegate.swift; sourceTree = "<group>"; };
		EF4841A12840D7BD004917B0 /* SceneDelegate.swift */ = {isa = PBXFileReference; lastKnownFileType = sourcecode.swift; path = SceneDelegate.swift; sourceTree = "<group>"; };
		EF4841A82840D7BE004917B0 /* Assets.xcassets */ = {isa = PBXFileReference; lastKnownFileType = folder.assetcatalog; path = Assets.xcassets; sourceTree = "<group>"; };
		EF4841AB2840D7BE004917B0 /* Base */ = {isa = PBXFileReference; lastKnownFileType = file.storyboard; name = Base; path = Base.lproj/LaunchScreen.storyboard; sourceTree = "<group>"; };
		EF4841AD2840D7BE004917B0 /* Info.plist */ = {isa = PBXFileReference; lastKnownFileType = text.plist.xml; path = Info.plist; sourceTree = "<group>"; };
		EF4841B72840D836004917B0 /* GalleryModel.swift */ = {isa = PBXFileReference; fileEncoding = 4; lastKnownFileType = sourcecode.swift; path = GalleryModel.swift; sourceTree = "<group>"; };
		EF4841B92840D842004917B0 /* TitleEditableTableViewCell.swift */ = {isa = PBXFileReference; fileEncoding = 4; lastKnownFileType = sourcecode.swift; path = TitleEditableTableViewCell.swift; sourceTree = "<group>"; };
		EF4841BA2840D842004917B0 /* ImageCollectionViewCell.swift */ = {isa = PBXFileReference; fileEncoding = 4; lastKnownFileType = sourcecode.swift; path = ImageCollectionViewCell.swift; sourceTree = "<group>"; };
		EF4841BB2840D842004917B0 /* Main.storyboard */ = {isa = PBXFileReference; fileEncoding = 4; lastKnownFileType = file.storyboard; path = Main.storyboard; sourceTree = "<group>"; };
		EF4841BF2840D86A004917B0 /* ImageViewController.swift */ = {isa = PBXFileReference; fileEncoding = 4; lastKnownFileType = sourcecode.swift; path = ImageViewController.swift; sourceTree = "<group>"; };
		EF4841C02840D86A004917B0 /* GalleriesTableViewController.swift */ = {isa = PBXFileReference; fileEncoding = 4; lastKnownFileType = sourcecode.swift; path = GalleriesTableViewController.swift; sourceTree = "<group>"; };
		EF4841C12840D86A004917B0 /* GalleryCollectionViewController.swift */ = {isa = PBXFileReference; fileEncoding = 4; lastKnownFileType = sourcecode.swift; path = GalleryCollectionViewController.swift; sourceTree = "<group>"; };
		EF4841C52840D892004917B0 /* StaticsAndExtensions.swift */ = {isa = PBXFileReference; fileEncoding = 4; lastKnownFileType = sourcecode.swift; path = StaticsAndExtensions.swift; sourceTree = "<group>"; };
/* End PBXFileReference section */

/* Begin PBXFrameworksBuildPhase section */
		EF4841992840D7BD004917B0 /* Frameworks */ = {
			isa = PBXFrameworksBuildPhase;
			buildActionMask = 2147483647;
			files = (
			);
			runOnlyForDeploymentPostprocessing = 0;
		};
/* End PBXFrameworksBuildPhase section */

/* Begin PBXGroup section */
		EF4841932840D7BD004917B0 = {
			isa = PBXGroup;
			children = (
				4E782D9C2CE35CE700B43108 /* .swiftlint.yml */,
				EF48419E2840D7BD004917B0 /* cs193p-2017-fall-assignment5 */,
				EF48419D2840D7BD004917B0 /* Products */,
			);
			sourceTree = "<group>";
		};
		EF48419D2840D7BD004917B0 /* Products */ = {
			isa = PBXGroup;
			children = (
				EF48419C2840D7BD004917B0 /* cs193p-2017-fall-assignment5.app */,
			);
			name = Products;
			sourceTree = "<group>";
		};
		EF48419E2840D7BD004917B0 /* cs193p-2017-fall-assignment5 */ = {
			isa = PBXGroup;
			children = (
				EF4841B62840D82B004917B0 /* View */,
				EF4841B52840D825004917B0 /* Controller */,
				EF4841B42840D81F004917B0 /* Model */,
				EF4841B32840D7C7004917B0 /* Supporting Files */,
				EF4841AD2840D7BE004917B0 /* Info.plist */,
			);
			path = "cs193p-2017-fall-assignment5";
			sourceTree = "<group>";
		};
		EF4841B32840D7C7004917B0 /* Supporting Files */ = {
			isa = PBXGroup;
			children = (
				EF4841C52840D892004917B0 /* StaticsAndExtensions.swift */,
				EF4841AA2840D7BE004917B0 /* LaunchScreen.storyboard */,
				EF4841A82840D7BE004917B0 /* Assets.xcassets */,
				EF4841A12840D7BD004917B0 /* SceneDelegate.swift */,
				EF48419F2840D7BD004917B0 /* AppDelegate.swift */,
			);
			path = "Supporting Files";
			sourceTree = "<group>";
		};
		EF4841B42840D81F004917B0 /* Model */ = {
			isa = PBXGroup;
			children = (
				EF4841B72840D836004917B0 /* GalleryModel.swift */,
			);
			path = Model;
			sourceTree = "<group>";
		};
		EF4841B52840D825004917B0 /* Controller */ = {
			isa = PBXGroup;
			children = (
				EF4841C02840D86A004917B0 /* GalleriesTableViewController.swift */,
				EF4841C12840D86A004917B0 /* GalleryCollectionViewController.swift */,
				EF4841BF2840D86A004917B0 /* ImageViewController.swift */,
			);
			path = Controller;
			sourceTree = "<group>";
		};
		EF4841B62840D82B004917B0 /* View */ = {
			isa = PBXGroup;
			children = (
				EF4841BA2840D842004917B0 /* ImageCollectionViewCell.swift */,
				EF4841BB2840D842004917B0 /* Main.storyboard */,
				EF4841B92840D842004917B0 /* TitleEditableTableViewCell.swift */,
			);
			path = View;
			sourceTree = "<group>";
		};
/* End PBXGroup section */

/* Begin PBXNativeTarget section */
		EF48419B2840D7BD004917B0 /* cs193p-2017-fall-assignment5 */ = {
			isa = PBXNativeTarget;
			buildConfigurationList = EF4841B02840D7BE004917B0 /* Build configuration list for PBXNativeTarget "cs193p-2017-fall-assignment5" */;
			buildPhases = (
				EF4841982840D7BD004917B0 /* Sources */,
				EF4841992840D7BD004917B0 /* Frameworks */,
				EF48419A2840D7BD004917B0 /* Resources */,
				4E782D9B2CE35BB700B43108 /* ShellScript */,
			);
			buildRules = (
			);
			dependencies = (
			);
			name = "cs193p-2017-fall-assignment5";
			productName = "cs193p-2017-fall-assignment5";
			productReference = EF48419C2840D7BD004917B0 /* cs193p-2017-fall-assignment5.app */;
			productType = "com.apple.product-type.application";
		};
/* End PBXNativeTarget section */

/* Begin PBXProject section */
		EF4841942840D7BD004917B0 /* Project object */ = {
			isa = PBXProject;
			attributes = {
				BuildIndependentTargetsInParallel = 1;
				LastSwiftUpdateCheck = 1340;
				LastUpgradeCheck = 1340;
				TargetAttributes = {
					EF48419B2840D7BD004917B0 = {
						CreatedOnToolsVersion = 13.4;
					};
				};
			};
			buildConfigurationList = EF4841972840D7BD004917B0 /* Build configuration list for PBXProject "cs193p-2017-fall-assignment5" */;
			compatibilityVersion = "Xcode 13.0";
			developmentRegion = en;
			hasScannedForEncodings = 0;
			knownRegions = (
				en,
				Base,
			);
			mainGroup = EF4841932840D7BD004917B0;
			productRefGroup = EF48419D2840D7BD004917B0 /* Products */;
			projectDirPath = "";
			projectRoot = "";
			targets = (
				EF48419B2840D7BD004917B0 /* cs193p-2017-fall-assignment5 */,
			);
		};
/* End PBXProject section */

/* Begin PBXResourcesBuildPhase section */
		EF48419A2840D7BD004917B0 /* Resources */ = {
			isa = PBXResourcesBuildPhase;
			buildActionMask = 2147483647;
			files = (
				4E782D9D2CE35CE700B43108 /* .swiftlint.yml in Resources */,
				EF4841AC2840D7BE004917B0 /* LaunchScreen.storyboard in Resources */,
				EF4841A92840D7BE004917B0 /* Assets.xcassets in Resources */,
				EF4841BE2840D842004917B0 /* Main.storyboard in Resources */,
			);
			runOnlyForDeploymentPostprocessing = 0;
		};
/* End PBXResourcesBuildPhase section */

/* Begin PBXShellScriptBuildPhase section */
		4E782D9B2CE35BB700B43108 /* ShellScript */ = {
			isa = PBXShellScriptBuildPhase;
			alwaysOutOfDate = 1;
			buildActionMask = 2147483647;
			files = (
			);
			inputFileListPaths = (
			);
			inputPaths = (
			);
			outputFileListPaths = (
			);
			outputPaths = (
			);
			runOnlyForDeploymentPostprocessing = 0;
			shellPath = /bin/sh;
			shellScript = "if [[ \"$(uname -m)\" == arm64 ]]\nthen\n    export PATH=\"/opt/homebrew/bin:$PATH\"\nfi\nif command -v swiftlint >/dev/null 2>&1\nthen\n    swiftlint\nelse\n    echo \"warning: `swiftlint` command not found - See https://github.com/realm/SwiftLint#installation for installation instructions.\"\nfi\n";
		};
/* End PBXShellScriptBuildPhase section */

/* Begin PBXSourcesBuildPhase section */
		EF4841982840D7BD004917B0 /* Sources */ = {
			isa = PBXSourcesBuildPhase;
			buildActionMask = 2147483647;
			files = (
				EF4841BD2840D842004917B0 /* ImageCollectionViewCell.swift in Sources */,
				EF4841A02840D7BD004917B0 /* AppDelegate.swift in Sources */,
				EF4841C22840D86A004917B0 /* ImageViewController.swift in Sources */,
				EF4841C32840D86A004917B0 /* GalleriesTableViewController.swift in Sources */,
				EF4841C62840D892004917B0 /* StaticsAndExtensions.swift in Sources */,
				EF4841B82840D836004917B0 /* GalleryModel.swift in Sources */,
				EF4841BC2840D842004917B0 /* TitleEditableTableViewCell.swift in Sources */,
				EF4841C42840D86A004917B0 /* GalleryCollectionViewController.swift in Sources */,
				EF4841A22840D7BD004917B0 /* SceneDelegate.swift in Sources */,
			);
			runOnlyForDeploymentPostprocessing = 0;
		};
/* End PBXSourcesBuildPhase section */

/* Begin PBXVariantGroup section */
		EF4841AA2840D7BE004917B0 /* LaunchScreen.storyboard */ = {
			isa = PBXVariantGroup;
			children = (
				EF4841AB2840D7BE004917B0 /* Base */,
			);
			name = LaunchScreen.storyboard;
			sourceTree = "<group>";
		};
/* End PBXVariantGroup section */

/* Begin XCBuildConfiguration section */
		EF4841AE2840D7BE004917B0 /* Debug */ = {
			isa = XCBuildConfiguration;
			buildSettings = {
				ALWAYS_SEARCH_USER_PATHS = NO;
				CLANG_ANALYZER_NONNULL = YES;
				CLANG_ANALYZER_NUMBER_OBJECT_CONVERSION = YES_AGGRESSIVE;
				CLANG_CXX_LANGUAGE_STANDARD = "gnu++17";
				CLANG_ENABLE_MODULES = YES;
				CLANG_ENABLE_OBJC_ARC = YES;
				CLANG_ENABLE_OBJC_WEAK = YES;
				CLANG_WARN_BLOCK_CAPTURE_AUTORELEASING = YES;
				CLANG_WARN_BOOL_CONVERSION = YES;
				CLANG_WARN_COMMA = YES;
				CLANG_WARN_CONSTANT_CONVERSION = YES;
				CLANG_WARN_DEPRECATED_OBJC_IMPLEMENTATIONS = YES;
				CLANG_WARN_DIRECT_OBJC_ISA_USAGE = YES_ERROR;
				CLANG_WARN_DOCUMENTATION_COMMENTS = YES;
				CLANG_WARN_EMPTY_BODY = YES;
				CLANG_WARN_ENUM_CONVERSION = YES;
				CLANG_WARN_INFINITE_RECURSION = YES;
				CLANG_WARN_INT_CONVERSION = YES;
				CLANG_WARN_NON_LITERAL_NULL_CONVERSION = YES;
				CLANG_WARN_OBJC_IMPLICIT_RETAIN_SELF = YES;
				CLANG_WARN_OBJC_LITERAL_CONVERSION = YES;
				CLANG_WARN_OBJC_ROOT_CLASS = YES_ERROR;
				CLANG_WARN_QUOTED_INCLUDE_IN_FRAMEWORK_HEADER = YES;
				CLANG_WARN_RANGE_LOOP_ANALYSIS = YES;
				CLANG_WARN_STRICT_PROTOTYPES = YES;
				CLANG_WARN_SUSPICIOUS_MOVE = YES;
				CLANG_WARN_UNGUARDED_AVAILABILITY = YES_AGGRESSIVE;
				CLANG_WARN_UNREACHABLE_CODE = YES;
				CLANG_WARN__DUPLICATE_METHOD_MATCH = YES;
				COPY_PHASE_STRIP = NO;
				DEBUG_INFORMATION_FORMAT = dwarf;
				ENABLE_STRICT_OBJC_MSGSEND = YES;
				ENABLE_TESTABILITY = YES;
				GCC_C_LANGUAGE_STANDARD = gnu11;
				GCC_DYNAMIC_NO_PIC = NO;
				GCC_NO_COMMON_BLOCKS = YES;
				GCC_OPTIMIZATION_LEVEL = 0;
				GCC_PREPROCESSOR_DEFINITIONS = (
					"DEBUG=1",
					"$(inherited)",
				);
				GCC_WARN_64_TO_32_BIT_CONVERSION = YES;
				GCC_WARN_ABOUT_RETURN_TYPE = YES_ERROR;
				GCC_WARN_UNDECLARED_SELECTOR = YES;
				GCC_WARN_UNINITIALIZED_AUTOS = YES_AGGRESSIVE;
				GCC_WARN_UNUSED_FUNCTION = YES;
				GCC_WARN_UNUSED_VARIABLE = YES;
				IPHONEOS_DEPLOYMENT_TARGET = 15.5;
				MTL_ENABLE_DEBUG_INFO = INCLUDE_SOURCE;
				MTL_FAST_MATH = YES;
				ONLY_ACTIVE_ARCH = YES;
				SDKROOT = iphoneos;
				SWIFT_ACTIVE_COMPILATION_CONDITIONS = DEBUG;
				SWIFT_OPTIMIZATION_LEVEL = "-Onone";
			};
			name = Debug;
		};
		EF4841AF2840D7BE004917B0 /* Release */ = {
			isa = XCBuildConfiguration;
			buildSettings = {
				ALWAYS_SEARCH_USER_PATHS = NO;
				CLANG_ANALYZER_NONNULL = YES;
				CLANG_ANALYZER_NUMBER_OBJECT_CONVERSION = YES_AGGRESSIVE;
				CLANG_CXX_LANGUAGE_STANDARD = "gnu++17";
				CLANG_ENABLE_MODULES = YES;
				CLANG_ENABLE_OBJC_ARC = YES;
				CLANG_ENABLE_OBJC_WEAK = YES;
				CLANG_WARN_BLOCK_CAPTURE_AUTORELEASING = YES;
				CLANG_WARN_BOOL_CONVERSION = YES;
				CLANG_WARN_COMMA = YES;
				CLANG_WARN_CONSTANT_CONVERSION = YES;
				CLANG_WARN_DEPRECATED_OBJC_IMPLEMENTATIONS = YES;
				CLANG_WARN_DIRECT_OBJC_ISA_USAGE = YES_ERROR;
				CLANG_WARN_DOCUMENTATION_COMMENTS = YES;
				CLANG_WARN_EMPTY_BODY = YES;
				CLANG_WARN_ENUM_CONVERSION = YES;
				CLANG_WARN_INFINITE_RECURSION = YES;
				CLANG_WARN_INT_CONVERSION = YES;
				CLANG_WARN_NON_LITERAL_NULL_CONVERSION = YES;
				CLANG_WARN_OBJC_IMPLICIT_RETAIN_SELF = YES;
				CLANG_WARN_OBJC_LITERAL_CONVERSION = YES;
				CLANG_WARN_OBJC_ROOT_CLASS = YES_ERROR;
				CLANG_WARN_QUOTED_INCLUDE_IN_FRAMEWORK_HEADER = YES;
				CLANG_WARN_RANGE_LOOP_ANALYSIS = YES;
				CLANG_WARN_STRICT_PROTOTYPES = YES;
				CLANG_WARN_SUSPICIOUS_MOVE = YES;
				CLANG_WARN_UNGUARDED_AVAILABILITY = YES_AGGRESSIVE;
				CLANG_WARN_UNREACHABLE_CODE = YES;
				CLANG_WARN__DUPLICATE_METHOD_MATCH = YES;
				COPY_PHASE_STRIP = NO;
				DEBUG_INFORMATION_FORMAT = "dwarf-with-dsym";
				ENABLE_NS_ASSERTIONS = NO;
				ENABLE_STRICT_OBJC_MSGSEND = YES;
				GCC_C_LANGUAGE_STANDARD = gnu11;
				GCC_NO_COMMON_BLOCKS = YES;
				GCC_WARN_64_TO_32_BIT_CONVERSION = YES;
				GCC_WARN_ABOUT_RETURN_TYPE = YES_ERROR;
				GCC_WARN_UNDECLARED_SELECTOR = YES;
				GCC_WARN_UNINITIALIZED_AUTOS = YES_AGGRESSIVE;
				GCC_WARN_UNUSED_FUNCTION = YES;
				GCC_WARN_UNUSED_VARIABLE = YES;
				IPHONEOS_DEPLOYMENT_TARGET = 15.5;
				MTL_ENABLE_DEBUG_INFO = NO;
				MTL_FAST_MATH = YES;
				SDKROOT = iphoneos;
				SWIFT_COMPILATION_MODE = wholemodule;
				SWIFT_OPTIMIZATION_LEVEL = "-O";
				VALIDATE_PRODUCT = YES;
			};
			name = Release;
		};
		EF4841B12840D7BE004917B0 /* Debug */ = {
			isa = XCBuildConfiguration;
			buildSettings = {
				ASSETCATALOG_COMPILER_APPICON_NAME = AppIcon;
				ASSETCATALOG_COMPILER_GLOBAL_ACCENT_COLOR_NAME = AccentColor;
				CODE_SIGN_STYLE = Automatic;
				CURRENT_PROJECT_VERSION = 1;
				DEVELOPMENT_TEAM = N4F7RVH5TU;
				GENERATE_INFOPLIST_FILE = YES;
				INFOPLIST_FILE = "cs193p-2017-fall-assignment5/Info.plist";
				INFOPLIST_KEY_UIApplicationSupportsIndirectInputEvents = YES;
				INFOPLIST_KEY_UILaunchStoryboardName = LaunchScreen;
				INFOPLIST_KEY_UIMainStoryboardFile = Main;
				INFOPLIST_KEY_UISupportedInterfaceOrientations_iPad = "UIInterfaceOrientationPortrait UIInterfaceOrientationPortraitUpsideDown UIInterfaceOrientationLandscapeLeft UIInterfaceOrientationLandscapeRight";
				INFOPLIST_KEY_UISupportedInterfaceOrientations_iPhone = "UIInterfaceOrientationPortrait UIInterfaceOrientationLandscapeLeft UIInterfaceOrientationLandscapeRight";
				IPHONEOS_DEPLOYMENT_TARGET = 14.2;
				LD_RUNPATH_SEARCH_PATHS = (
					"$(inherited)",
					"@executable_path/Frameworks",
				);
				MARKETING_VERSION = 1.0;
				PRODUCT_BUNDLE_IDENTIFIER = "ksurikova.cs193p-2017-fall-assignment5";
				PRODUCT_NAME = "$(TARGET_NAME)";
				SWIFT_EMIT_LOC_STRINGS = YES;
				SWIFT_VERSION = 5.0;
				TARGETED_DEVICE_FAMILY = "1,2";
			};
			name = Debug;
		};
		EF4841B22840D7BE004917B0 /* Release */ = {
			isa = XCBuildConfiguration;
			buildSettings = {
				ASSETCATALOG_COMPILER_APPICON_NAME = AppIcon;
				ASSETCATALOG_COMPILER_GLOBAL_ACCENT_COLOR_NAME = AccentColor;
				CODE_SIGN_STYLE = Automatic;
				CURRENT_PROJECT_VERSION = 1;
				DEVELOPMENT_TEAM = N4F7RVH5TU;
				GENERATE_INFOPLIST_FILE = YES;
				INFOPLIST_FILE = "cs193p-2017-fall-assignment5/Info.plist";
				INFOPLIST_KEY_UIApplicationSupportsIndirectInputEvents = YES;
				INFOPLIST_KEY_UILaunchStoryboardName = LaunchScreen;
				INFOPLIST_KEY_UIMainStoryboardFile = Main;
				INFOPLIST_KEY_UISupportedInterfaceOrientations_iPad = "UIInterfaceOrientationPortrait UIInterfaceOrientationPortraitUpsideDown UIInterfaceOrientationLandscapeLeft UIInterfaceOrientationLandscapeRight";
				INFOPLIST_KEY_UISupportedInterfaceOrientations_iPhone = "UIInterfaceOrientationPortrait UIInterfaceOrientationLandscapeLeft UIInterfaceOrientationLandscapeRight";
				IPHONEOS_DEPLOYMENT_TARGET = 14.2;
				LD_RUNPATH_SEARCH_PATHS = (
					"$(inherited)",
					"@executable_path/Frameworks",
				);
				MARKETING_VERSION = 1.0;
				PRODUCT_BUNDLE_IDENTIFIER = "ksurikova.cs193p-2017-fall-assignment5";
				PRODUCT_NAME = "$(TARGET_NAME)";
				SWIFT_EMIT_LOC_STRINGS = YES;
				SWIFT_VERSION = 5.0;
				TARGETED_DEVICE_FAMILY = "1,2";
			};
			name = Release;
		};
/* End XCBuildConfiguration section */

/* Begin XCConfigurationList section */
		EF4841972840D7BD004917B0 /* Build configuration list for PBXProject "cs193p-2017-fall-assignment5" */ = {
			isa = XCConfigurationList;
			buildConfigurations = (
				EF4841AE2840D7BE004917B0 /* Debug */,
				EF4841AF2840D7BE004917B0 /* Release */,
			);
			defaultConfigurationIsVisible = 0;
			defaultConfigurationName = Release;
		};
		EF4841B02840D7BE004917B0 /* Build configuration list for PBXNativeTarget "cs193p-2017-fall-assignment5" */ = {
			isa = XCConfigurationList;
			buildConfigurations = (
				EF4841B12840D7BE004917B0 /* Debug */,
				EF4841B22840D7BE004917B0 /* Release */,
			);
			defaultConfigurationIsVisible = 0;
			defaultConfigurationName = Release;
		};
/* End XCConfigurationList section */
	};
	rootObject = EF4841942840D7BD004917B0 /* Project object */;
}
